// !$*UTF8*$!
{
	archiveVersion = 1;
	classes = {
	};
	objectVersion = 46;
	objects = {

/* Begin PBXBuildFile section */
		D915B87918B6CDFF00A94919 /* equalizer12.gif in Resources */ = {isa = PBXBuildFile; fileRef = D915B87818B6CDFF00A94919 /* equalizer12.gif */; };
		D915B88418B76AA900A94919 /* equalizer1@2x.png in Resources */ = {isa = PBXBuildFile; fileRef = D915B87A18B76AA900A94919 /* equalizer1@2x.png */; };
		D915B88518B76AA900A94919 /* equalizer2@2x.png in Resources */ = {isa = PBXBuildFile; fileRef = D915B87B18B76AA900A94919 /* equalizer2@2x.png */; };
		D915B88618B76AA900A94919 /* equalizer3@2x.png in Resources */ = {isa = PBXBuildFile; fileRef = D915B87C18B76AA900A94919 /* equalizer3@2x.png */; };
		D915B88718B76AA900A94919 /* equalizer4@2x.png in Resources */ = {isa = PBXBuildFile; fileRef = D915B87D18B76AA900A94919 /* equalizer4@2x.png */; };
		D915B88818B76AA900A94919 /* equalizer5@2x.png in Resources */ = {isa = PBXBuildFile; fileRef = D915B87E18B76AA900A94919 /* equalizer5@2x.png */; };
		D915B88918B76AA900A94919 /* equalizer6@2x.png in Resources */ = {isa = PBXBuildFile; fileRef = D915B87F18B76AA900A94919 /* equalizer6@2x.png */; };
		D915B88A18B76AA900A94919 /* equalizer7@2x.png in Resources */ = {isa = PBXBuildFile; fileRef = D915B88018B76AA900A94919 /* equalizer7@2x.png */; };
		D915B88B18B76AA900A94919 /* equalizer8@2x.png in Resources */ = {isa = PBXBuildFile; fileRef = D915B88118B76AA900A94919 /* equalizer8@2x.png */; };
		D915B88C18B76AA900A94919 /* equalizer9@2x.png in Resources */ = {isa = PBXBuildFile; fileRef = D915B88218B76AA900A94919 /* equalizer9@2x.png */; };
		D915B88D18B76AA900A94919 /* equalizer10@2x.png in Resources */ = {isa = PBXBuildFile; fileRef = D915B88318B76AA900A94919 /* equalizer10@2x.png */; };
		D9305EA31844D0FE0019DA08 /* NIKPlayer.m in Sources */ = {isa = PBXBuildFile; fileRef = D9305EA21844D0FE0019DA08 /* NIKPlayer.m */; };
		D930972018361A2800DC1BCE /* NIKDetailViewController.m in Sources */ = {isa = PBXBuildFile; fileRef = D930971B18361A2800DC1BCE /* NIKDetailViewController.m */; };
		D930972118361A2800DC1BCE /* NIKInfoViewController.m in Sources */ = {isa = PBXBuildFile; fileRef = D930971D18361A2800DC1BCE /* NIKInfoViewController.m */; };
		D930972218361A2800DC1BCE /* NIKMasterViewController.m in Sources */ = {isa = PBXBuildFile; fileRef = D930971F18361A2800DC1BCE /* NIKMasterViewController.m */; };
		D930973118361A9400DC1BCE /* NIKFeedEntry.m in Sources */ = {isa = PBXBuildFile; fileRef = D930973018361A9400DC1BCE /* NIKFeedEntry.m */; };
		D930973518361ADC00DC1BCE /* NIKAppDelegate.m in Sources */ = {isa = PBXBuildFile; fileRef = D930973418361ADC00DC1BCE /* NIKAppDelegate.m */; };
		D930973818361B1D00DC1BCE /* Feed.plist in Resources */ = {isa = PBXBuildFile; fileRef = D930973618361B1D00DC1BCE /* Feed.plist */; };
		D930973918361B1D00DC1BCE /* htmlPattern.html in Resources */ = {isa = PBXBuildFile; fileRef = D930973718361B1D00DC1BCE /* htmlPattern.html */; };
		D930973B18361B4800DC1BCE /* Background.png in Resources */ = {isa = PBXBuildFile; fileRef = D930973A18361B4800DC1BCE /* Background.png */; };
		D930973D18361B6500DC1BCE /* Persian.strings in Resources */ = {isa = PBXBuildFile; fileRef = D930973C18361B6500DC1BCE /* Persian.strings */; };
		D930974618378A0200DC1BCE /* Main_iPhone.storyboard in Resources */ = {isa = PBXBuildFile; fileRef = D9F3B099181C40740042A44A /* Main_iPhone.storyboard */; };
		D93097661837D3DD00DC1BCE /* CoreText.framework in Frameworks */ = {isa = PBXBuildFile; fileRef = D93097651837D3DD00DC1BCE /* CoreText.framework */; };
		D9353C67184A10E3009B38DE /* RadioGeek.rss in Resources */ = {isa = PBXBuildFile; fileRef = D9353C66184A10E3009B38DE /* RadioGeek.rss */; };
		D9353C69184B4417009B38DE /* RadioGeekAllEpisodes.rss in Resources */ = {isa = PBXBuildFile; fileRef = D9353C68184B4417009B38DE /* RadioGeekAllEpisodes.rss */; };
		D945F6351838F61900B5814C /* X Vahid.ttf in Resources */ = {isa = PBXBuildFile; fileRef = D945F6311838F61900B5814C /* X Vahid.ttf */; };
		D954537C1823DD0800B2C440 /* MediaPlayer.framework in Frameworks */ = {isa = PBXBuildFile; fileRef = D954537B1823DD0800B2C440 /* MediaPlayer.framework */; };
		D954538518243C5D00B2C440 /* QuartzCore.framework in Frameworks */ = {isa = PBXBuildFile; fileRef = D954538418243C5D00B2C440 /* QuartzCore.framework */; };
		D954538718243C6500B2C440 /* AudioToolbox.framework in Frameworks */ = {isa = PBXBuildFile; fileRef = D954538618243C6500B2C440 /* AudioToolbox.framework */; };
		D99447151831131000D54C64 /* NSString_StripHTML.m in Sources */ = {isa = PBXBuildFile; fileRef = D99447141831131000D54C64 /* NSString_StripHTML.m */; };
		D9A6DD0B183FE88700816C59 /* NIKAudioManager.m in Sources */ = {isa = PBXBuildFile; fileRef = D9A6DD0A183FE88700816C59 /* NIKAudioManager.m */; };
		D9A6DD0E183FE8FF00816C59 /* NIKFeedParser.m in Sources */ = {isa = PBXBuildFile; fileRef = D9A6DD0D183FE8FF00816C59 /* NIKFeedParser.m */; };
		D9A6DD11183FE97600816C59 /* NIKAudioFile.m in Sources */ = {isa = PBXBuildFile; fileRef = D9A6DD10183FE97600816C59 /* NIKAudioFile.m */; };
		D9AA8389183AD73400FBB827 /* URLCacheAlert.m in Sources */ = {isa = PBXBuildFile; fileRef = D9AA8388183AD73400FBB827 /* URLCacheAlert.m */; };
		D9AA838E183CDBBF00FBB827 /* player_pause@2x.png in Resources */ = {isa = PBXBuildFile; fileRef = D9AA838C183CDBBF00FBB827 /* player_pause@2x.png */; };
		D9AA838F183CDBBF00FBB827 /* player_play@2x.png in Resources */ = {isa = PBXBuildFile; fileRef = D9AA838D183CDBBF00FBB827 /* player_play@2x.png */; };
		D9AA8393183CF55600FBB827 /* SGdownloader.m in Sources */ = {isa = PBXBuildFile; fileRef = D9AA8392183CF55600FBB827 /* SGdownloader.m */; };
		D9AA83D7183D370B00FBB827 /* player_fastforward@2x.png in Resources */ = {isa = PBXBuildFile; fileRef = D9AA83D5183D370B00FBB827 /* player_fastforward@2x.png */; };
		D9AA83D8183D370B00FBB827 /* player_fastrewind@2x.png in Resources */ = {isa = PBXBuildFile; fileRef = D9AA83D6183D370B00FBB827 /* player_fastrewind@2x.png */; };
		D9AA83DA183D39BB00FBB827 /* player_fastforwardcp@2x.png in Resources */ = {isa = PBXBuildFile; fileRef = D9AA83D9183D39BB00FBB827 /* player_fastforwardcp@2x.png */; };
		D9AA83DD183D476300FBB827 /* speaker_mute@2x.png in Resources */ = {isa = PBXBuildFile; fileRef = D9AA83DB183D476300FBB827 /* speaker_mute@2x.png */; };
		D9AA83DE183D476300FBB827 /* speaker@2x.png in Resources */ = {isa = PBXBuildFile; fileRef = D9AA83DC183D476300FBB827 /* speaker@2x.png */; };
		D9AA83E0183D4D8100FBB827 /* player_fastrewindcp@2x.png in Resources */ = {isa = PBXBuildFile; fileRef = D9AA83DF183D4D8100FBB827 /* player_fastrewindcp@2x.png */; };
		D9ABA7F5183559350073E431 /* RadioGeekArtwork.png in Resources */ = {isa = PBXBuildFile; fileRef = D9ABA7F4183559350073E431 /* RadioGeekArtwork.png */; };
		D9B34E11181FE3FD003D3B17 /* AVFoundation.framework in Frameworks */ = {isa = PBXBuildFile; fileRef = D9B34E10181FE3FD003D3B17 /* AVFoundation.framework */; };
		D9BAE8671A7704C300A77EDB /* iRate.bundle in Resources */ = {isa = PBXBuildFile; fileRef = D9BAE8641A7704C300A77EDB /* iRate.bundle */; };
		D9BAE8681A7704C300A77EDB /* iRate.m in Sources */ = {isa = PBXBuildFile; fileRef = D9BAE8661A7704C300A77EDB /* iRate.m */; };
		D9BAE86C1A7A706200A77EDB /* libFlurry_5.3.0.a in Frameworks */ = {isa = PBXBuildFile; fileRef = D9BAE86B1A7A706200A77EDB /* libFlurry_5.3.0.a */; };
		D9BAE86E1A7A767200A77EDB /* SystemConfiguration.framework in Frameworks */ = {isa = PBXBuildFile; fileRef = D9BAE86D1A7A767200A77EDB /* SystemConfiguration.framework */; };
		D9BAE8731A7A9AE100A77EDB /* XM Yekan.ttf in Resources */ = {isa = PBXBuildFile; fileRef = D9BAE86F1A7A9AE100A77EDB /* XM Yekan.ttf */; };
		D9BAE8741A7A9AE100A77EDB /* XM YekanBd.ttf in Resources */ = {isa = PBXBuildFile; fileRef = D9BAE8701A7A9AE100A77EDB /* XM YekanBd.ttf */; };
		D9BAE8751A7A9AE100A77EDB /* XM YekanBdIt.ttf in Resources */ = {isa = PBXBuildFile; fileRef = D9BAE8711A7A9AE100A77EDB /* XM YekanBdIt.ttf */; };
		D9C1242B1A7AAADA00E5C8B5 /* BTitrBold.ttf in Resources */ = {isa = PBXBuildFile; fileRef = D9C1242A1A7AAADA00E5C8B5 /* BTitrBold.ttf */; };
		D9C36F4918508C1400B603A4 /* NIKDownloadManager.m in Sources */ = {isa = PBXBuildFile; fileRef = D9C36F4818508C1400B603A4 /* NIKDownloadManager.m */; };
		D9EE23C1184E7CAC001A6C38 /* RGeek.plist in Resources */ = {isa = PBXBuildFile; fileRef = D9EE23C0184E7CAC001A6C38 /* RGeek.plist */; };
		D9F3B086181C40740042A44A /* Foundation.framework in Frameworks */ = {isa = PBXBuildFile; fileRef = D9F3B085181C40740042A44A /* Foundation.framework */; };
		D9F3B088181C40740042A44A /* CoreGraphics.framework in Frameworks */ = {isa = PBXBuildFile; fileRef = D9F3B087181C40740042A44A /* CoreGraphics.framework */; };
		D9F3B08A181C40740042A44A /* UIKit.framework in Frameworks */ = {isa = PBXBuildFile; fileRef = D9F3B089181C40740042A44A /* UIKit.framework */; };
		D9F3B08C181C40740042A44A /* CoreData.framework in Frameworks */ = {isa = PBXBuildFile; fileRef = D9F3B08B181C40740042A44A /* CoreData.framework */; };
		D9F3B092181C40740042A44A /* InfoPlist.strings in Resources */ = {isa = PBXBuildFile; fileRef = D9F3B090181C40740042A44A /* InfoPlist.strings */; };
		D9F3B094181C40740042A44A /* main.m in Sources */ = {isa = PBXBuildFile; fileRef = D9F3B093181C40740042A44A /* main.m */; };
		D9F3B0A1181C40740042A44A /* RadioGeek.xcdatamodeld in Sources */ = {isa = PBXBuildFile; fileRef = D9F3B09F181C40740042A44A /* RadioGeek.xcdatamodeld */; };
		D9F3B0A9181C40740042A44A /* Images.xcassets in Resources */ = {isa = PBXBuildFile; fileRef = D9F3B0A8181C40740042A44A /* Images.xcassets */; };
		D9F3B0B0181C40750042A44A /* XCTest.framework in Frameworks */ = {isa = PBXBuildFile; fileRef = D9F3B0AF181C40750042A44A /* XCTest.framework */; };
		D9F3B0B1181C40750042A44A /* Foundation.framework in Frameworks */ = {isa = PBXBuildFile; fileRef = D9F3B085181C40740042A44A /* Foundation.framework */; };
		D9F3B0B2181C40750042A44A /* UIKit.framework in Frameworks */ = {isa = PBXBuildFile; fileRef = D9F3B089181C40740042A44A /* UIKit.framework */; };
		D9F3B0B3181C40750042A44A /* CoreData.framework in Frameworks */ = {isa = PBXBuildFile; fileRef = D9F3B08B181C40740042A44A /* CoreData.framework */; };
		D9F3B0BB181C40750042A44A /* InfoPlist.strings in Resources */ = {isa = PBXBuildFile; fileRef = D9F3B0B9181C40750042A44A /* InfoPlist.strings */; };
		D9F3B0BD181C40750042A44A /* RadioGeekTests.m in Sources */ = {isa = PBXBuildFile; fileRef = D9F3B0BC181C40750042A44A /* RadioGeekTests.m */; };
		D9F5478418F9E356002B8408 /* load_download@2x.png in Resources */ = {isa = PBXBuildFile; fileRef = D9F5478318F9E356002B8408 /* load_download@2x.png */; };
		D9F5478618F9E3A2002B8408 /* delete@2x.png in Resources */ = {isa = PBXBuildFile; fileRef = D9F5478518F9E3A2002B8408 /* delete@2x.png */; };
		D9F8D3CF183227E900A33E46 /* NSHFarsiNumerals.m in Sources */ = {isa = PBXBuildFile; fileRef = D9F8D3CE183227E900A33E46 /* NSHFarsiNumerals.m */; };
/* End PBXBuildFile section */

/* Begin PBXContainerItemProxy section */
		D9F3B0B4181C40750042A44A /* PBXContainerItemProxy */ = {
			isa = PBXContainerItemProxy;
			containerPortal = D9F3B07A181C40740042A44A /* Project object */;
			proxyType = 1;
			remoteGlobalIDString = D9F3B081181C40740042A44A;
			remoteInfo = RadioGeek;
		};
/* End PBXContainerItemProxy section */

/* Begin PBXFileReference section */
		D915B87818B6CDFF00A94919 /* equalizer12.gif */ = {isa = PBXFileReference; lastKnownFileType = image.gif; path = equalizer12.gif; sourceTree = "<group>"; };
		D915B87A18B76AA900A94919 /* equalizer1@2x.png */ = {isa = PBXFileReference; lastKnownFileType = image.png; path = "equalizer1@2x.png"; sourceTree = "<group>"; };
		D915B87B18B76AA900A94919 /* equalizer2@2x.png */ = {isa = PBXFileReference; lastKnownFileType = image.png; path = "equalizer2@2x.png"; sourceTree = "<group>"; };
		D915B87C18B76AA900A94919 /* equalizer3@2x.png */ = {isa = PBXFileReference; lastKnownFileType = image.png; path = "equalizer3@2x.png"; sourceTree = "<group>"; };
		D915B87D18B76AA900A94919 /* equalizer4@2x.png */ = {isa = PBXFileReference; lastKnownFileType = image.png; path = "equalizer4@2x.png"; sourceTree = "<group>"; };
		D915B87E18B76AA900A94919 /* equalizer5@2x.png */ = {isa = PBXFileReference; lastKnownFileType = image.png; path = "equalizer5@2x.png"; sourceTree = "<group>"; };
		D915B87F18B76AA900A94919 /* equalizer6@2x.png */ = {isa = PBXFileReference; lastKnownFileType = image.png; path = "equalizer6@2x.png"; sourceTree = "<group>"; };
		D915B88018B76AA900A94919 /* equalizer7@2x.png */ = {isa = PBXFileReference; lastKnownFileType = image.png; path = "equalizer7@2x.png"; sourceTree = "<group>"; };
		D915B88118B76AA900A94919 /* equalizer8@2x.png */ = {isa = PBXFileReference; lastKnownFileType = image.png; path = "equalizer8@2x.png"; sourceTree = "<group>"; };
		D915B88218B76AA900A94919 /* equalizer9@2x.png */ = {isa = PBXFileReference; lastKnownFileType = image.png; path = "equalizer9@2x.png"; sourceTree = "<group>"; };
		D915B88318B76AA900A94919 /* equalizer10@2x.png */ = {isa = PBXFileReference; lastKnownFileType = image.png; path = "equalizer10@2x.png"; sourceTree = "<group>"; };
		D9305EA11844D0FE0019DA08 /* NIKPlayer.h */ = {isa = PBXFileReference; fileEncoding = 4; lastKnownFileType = sourcecode.c.h; path = NIKPlayer.h; sourceTree = "<group>"; };
		D9305EA21844D0FE0019DA08 /* NIKPlayer.m */ = {isa = PBXFileReference; fileEncoding = 4; lastKnownFileType = sourcecode.c.objc; path = NIKPlayer.m; sourceTree = "<group>"; };
		D930971A18361A2800DC1BCE /* NIKDetailViewController.h */ = {isa = PBXFileReference; fileEncoding = 4; lastKnownFileType = sourcecode.c.h; path = NIKDetailViewController.h; sourceTree = "<group>"; };
		D930971B18361A2800DC1BCE /* NIKDetailViewController.m */ = {isa = PBXFileReference; fileEncoding = 4; lastKnownFileType = sourcecode.c.objc; path = NIKDetailViewController.m; sourceTree = "<group>"; };
		D930971C18361A2800DC1BCE /* NIKInfoViewController.h */ = {isa = PBXFileReference; fileEncoding = 4; lastKnownFileType = sourcecode.c.h; path = NIKInfoViewController.h; sourceTree = "<group>"; };
		D930971D18361A2800DC1BCE /* NIKInfoViewController.m */ = {isa = PBXFileReference; fileEncoding = 4; lastKnownFileType = sourcecode.c.objc; path = NIKInfoViewController.m; sourceTree = "<group>"; };
		D930971E18361A2800DC1BCE /* NIKMasterViewController.h */ = {isa = PBXFileReference; fileEncoding = 4; lastKnownFileType = sourcecode.c.h; path = NIKMasterViewController.h; sourceTree = "<group>"; };
		D930971F18361A2800DC1BCE /* NIKMasterViewController.m */ = {isa = PBXFileReference; fileEncoding = 4; lastKnownFileType = sourcecode.c.objc; path = NIKMasterViewController.m; sourceTree = "<group>"; };
		D930972F18361A9400DC1BCE /* NIKFeedEntry.h */ = {isa = PBXFileReference; fileEncoding = 4; lastKnownFileType = sourcecode.c.h; path = NIKFeedEntry.h; sourceTree = "<group>"; };
		D930973018361A9400DC1BCE /* NIKFeedEntry.m */ = {isa = PBXFileReference; fileEncoding = 4; lastKnownFileType = sourcecode.c.objc; path = NIKFeedEntry.m; sourceTree = "<group>"; };
		D930973318361ADC00DC1BCE /* NIKAppDelegate.h */ = {isa = PBXFileReference; fileEncoding = 4; lastKnownFileType = sourcecode.c.h; path = NIKAppDelegate.h; sourceTree = "<group>"; };
		D930973418361ADC00DC1BCE /* NIKAppDelegate.m */ = {isa = PBXFileReference; fileEncoding = 4; lastKnownFileType = sourcecode.c.objc; path = NIKAppDelegate.m; sourceTree = "<group>"; };
		D930973618361B1D00DC1BCE /* Feed.plist */ = {isa = PBXFileReference; fileEncoding = 4; lastKnownFileType = text.plist.xml; path = Feed.plist; sourceTree = "<group>"; };
		D930973718361B1D00DC1BCE /* htmlPattern.html */ = {isa = PBXFileReference; fileEncoding = 4; lastKnownFileType = text.html; path = htmlPattern.html; sourceTree = "<group>"; };
		D930973A18361B4800DC1BCE /* Background.png */ = {isa = PBXFileReference; lastKnownFileType = image.png; path = Background.png; sourceTree = "<group>"; };
		D930973C18361B6500DC1BCE /* Persian.strings */ = {isa = PBXFileReference; fileEncoding = 4; lastKnownFileType = text.plist.strings; path = Persian.strings; sourceTree = "<group>"; };
		D93097651837D3DD00DC1BCE /* CoreText.framework */ = {isa = PBXFileReference; lastKnownFileType = wrapper.framework; name = CoreText.framework; path = System/Library/Frameworks/CoreText.framework; sourceTree = SDKROOT; };
		D9353C66184A10E3009B38DE /* RadioGeek.rss */ = {isa = PBXFileReference; fileEncoding = 4; lastKnownFileType = text.xml; path = RadioGeek.rss; sourceTree = "<group>"; };
		D9353C68184B4417009B38DE /* RadioGeekAllEpisodes.rss */ = {isa = PBXFileReference; fileEncoding = 4; lastKnownFileType = text.xml; path = RadioGeekAllEpisodes.rss; sourceTree = "<group>"; };
		D945F6311838F61900B5814C /* X Vahid.ttf */ = {isa = PBXFileReference; lastKnownFileType = file; path = "X Vahid.ttf"; sourceTree = "<group>"; };
		D954537B1823DD0800B2C440 /* MediaPlayer.framework */ = {isa = PBXFileReference; lastKnownFileType = wrapper.framework; name = MediaPlayer.framework; path = System/Library/Frameworks/MediaPlayer.framework; sourceTree = SDKROOT; };
		D954538418243C5D00B2C440 /* QuartzCore.framework */ = {isa = PBXFileReference; lastKnownFileType = wrapper.framework; name = QuartzCore.framework; path = System/Library/Frameworks/QuartzCore.framework; sourceTree = SDKROOT; };
		D954538618243C6500B2C440 /* AudioToolbox.framework */ = {isa = PBXFileReference; lastKnownFileType = wrapper.framework; name = AudioToolbox.framework; path = System/Library/Frameworks/AudioToolbox.framework; sourceTree = SDKROOT; };
		D99447131831131000D54C64 /* NSString_StripHTML.h */ = {isa = PBXFileReference; fileEncoding = 4; lastKnownFileType = sourcecode.c.h; name = NSString_StripHTML.h; path = Components/HTMLStripper/NSString_StripHTML.h; sourceTree = "<group>"; };
		D99447141831131000D54C64 /* NSString_StripHTML.m */ = {isa = PBXFileReference; fileEncoding = 4; lastKnownFileType = sourcecode.c.objc; name = NSString_StripHTML.m; path = Components/HTMLStripper/NSString_StripHTML.m; sourceTree = "<group>"; };
		D9A6DD09183FE88700816C59 /* NIKAudioManager.h */ = {isa = PBXFileReference; fileEncoding = 4; lastKnownFileType = sourcecode.c.h; path = NIKAudioManager.h; sourceTree = "<group>"; };
		D9A6DD0A183FE88700816C59 /* NIKAudioManager.m */ = {isa = PBXFileReference; fileEncoding = 4; lastKnownFileType = sourcecode.c.objc; path = NIKAudioManager.m; sourceTree = "<group>"; };
		D9A6DD0C183FE8FF00816C59 /* NIKFeedParser.h */ = {isa = PBXFileReference; fileEncoding = 4; lastKnownFileType = sourcecode.c.h; path = NIKFeedParser.h; sourceTree = "<group>"; };
		D9A6DD0D183FE8FF00816C59 /* NIKFeedParser.m */ = {isa = PBXFileReference; fileEncoding = 4; lastKnownFileType = sourcecode.c.objc; path = NIKFeedParser.m; sourceTree = "<group>"; };
		D9A6DD0F183FE97600816C59 /* NIKAudioFile.h */ = {isa = PBXFileReference; fileEncoding = 4; lastKnownFileType = sourcecode.c.h; path = NIKAudioFile.h; sourceTree = "<group>"; };
		D9A6DD10183FE97600816C59 /* NIKAudioFile.m */ = {isa = PBXFileReference; fileEncoding = 4; lastKnownFileType = sourcecode.c.objc; path = NIKAudioFile.m; sourceTree = "<group>"; };
		D9AA8387183AD73400FBB827 /* URLCacheAlert.h */ = {isa = PBXFileReference; fileEncoding = 4; lastKnownFileType = sourcecode.c.h; path = URLCacheAlert.h; sourceTree = "<group>"; };
		D9AA8388183AD73400FBB827 /* URLCacheAlert.m */ = {isa = PBXFileReference; fileEncoding = 4; lastKnownFileType = sourcecode.c.objc; path = URLCacheAlert.m; sourceTree = "<group>"; };
		D9AA838C183CDBBF00FBB827 /* player_pause@2x.png */ = {isa = PBXFileReference; lastKnownFileType = image.png; path = "player_pause@2x.png"; sourceTree = "<group>"; };
		D9AA838D183CDBBF00FBB827 /* player_play@2x.png */ = {isa = PBXFileReference; lastKnownFileType = image.png; path = "player_play@2x.png"; sourceTree = "<group>"; };
		D9AA8391183CF55600FBB827 /* SGdownloader.h */ = {isa = PBXFileReference; fileEncoding = 4; lastKnownFileType = sourcecode.c.h; path = SGdownloader.h; sourceTree = "<group>"; };
		D9AA8392183CF55600FBB827 /* SGdownloader.m */ = {isa = PBXFileReference; fileEncoding = 4; lastKnownFileType = sourcecode.c.objc; path = SGdownloader.m; sourceTree = "<group>"; };
		D9AA83D5183D370B00FBB827 /* player_fastforward@2x.png */ = {isa = PBXFileReference; lastKnownFileType = image.png; path = "player_fastforward@2x.png"; sourceTree = "<group>"; };
		D9AA83D6183D370B00FBB827 /* player_fastrewind@2x.png */ = {isa = PBXFileReference; lastKnownFileType = image.png; path = "player_fastrewind@2x.png"; sourceTree = "<group>"; };
		D9AA83D9183D39BB00FBB827 /* player_fastforwardcp@2x.png */ = {isa = PBXFileReference; lastKnownFileType = image.png; path = "player_fastforwardcp@2x.png"; sourceTree = "<group>"; };
		D9AA83DB183D476300FBB827 /* speaker_mute@2x.png */ = {isa = PBXFileReference; lastKnownFileType = image.png; path = "speaker_mute@2x.png"; sourceTree = "<group>"; };
		D9AA83DC183D476300FBB827 /* speaker@2x.png */ = {isa = PBXFileReference; lastKnownFileType = image.png; path = "speaker@2x.png"; sourceTree = "<group>"; };
		D9AA83DF183D4D8100FBB827 /* player_fastrewindcp@2x.png */ = {isa = PBXFileReference; lastKnownFileType = image.png; path = "player_fastrewindcp@2x.png"; sourceTree = "<group>"; };
		D9ABA7F4183559350073E431 /* RadioGeekArtwork.png */ = {isa = PBXFileReference; lastKnownFileType = image.png; path = RadioGeekArtwork.png; sourceTree = "<group>"; };
		D9B34E10181FE3FD003D3B17 /* AVFoundation.framework */ = {isa = PBXFileReference; lastKnownFileType = wrapper.framework; name = AVFoundation.framework; path = System/Library/Frameworks/AVFoundation.framework; sourceTree = SDKROOT; };
		D9BAE8641A7704C300A77EDB /* iRate.bundle */ = {isa = PBXFileReference; lastKnownFileType = "wrapper.plug-in"; path = iRate.bundle; sourceTree = "<group>"; };
		D9BAE8651A7704C300A77EDB /* iRate.h */ = {isa = PBXFileReference; fileEncoding = 4; lastKnownFileType = sourcecode.c.h; path = iRate.h; sourceTree = "<group>"; };
		D9BAE8661A7704C300A77EDB /* iRate.m */ = {isa = PBXFileReference; fileEncoding = 4; lastKnownFileType = sourcecode.c.objc; path = iRate.m; sourceTree = "<group>"; };
		D9BAE86A1A7A706200A77EDB /* Flurry.h */ = {isa = PBXFileReference; fileEncoding = 4; lastKnownFileType = sourcecode.c.h; path = Flurry.h; sourceTree = "<group>"; };
		D9BAE86B1A7A706200A77EDB /* libFlurry_5.3.0.a */ = {isa = PBXFileReference; lastKnownFileType = archive.ar; path = libFlurry_5.3.0.a; sourceTree = "<group>"; };
		D9BAE86D1A7A767200A77EDB /* SystemConfiguration.framework */ = {isa = PBXFileReference; lastKnownFileType = wrapper.framework; name = SystemConfiguration.framework; path = System/Library/Frameworks/SystemConfiguration.framework; sourceTree = SDKROOT; };
		D9BAE86F1A7A9AE100A77EDB /* XM Yekan.ttf */ = {isa = PBXFileReference; lastKnownFileType = file; path = "XM Yekan.ttf"; sourceTree = "<group>"; };
		D9BAE8701A7A9AE100A77EDB /* XM YekanBd.ttf */ = {isa = PBXFileReference; lastKnownFileType = file; path = "XM YekanBd.ttf"; sourceTree = "<group>"; };
		D9BAE8711A7A9AE100A77EDB /* XM YekanBdIt.ttf */ = {isa = PBXFileReference; lastKnownFileType = file; path = "XM YekanBdIt.ttf"; sourceTree = "<group>"; };
		D9C1242A1A7AAADA00E5C8B5 /* BTitrBold.ttf */ = {isa = PBXFileReference; lastKnownFileType = file; path = BTitrBold.ttf; sourceTree = "<group>"; };
		D9C36F4718508C1400B603A4 /* NIKDownloadManager.h */ = {isa = PBXFileReference; fileEncoding = 4; lastKnownFileType = sourcecode.c.h; path = NIKDownloadManager.h; sourceTree = "<group>"; };
		D9C36F4818508C1400B603A4 /* NIKDownloadManager.m */ = {isa = PBXFileReference; fileEncoding = 4; lastKnownFileType = sourcecode.c.objc; path = NIKDownloadManager.m; sourceTree = "<group>"; };
		D9EE23C0184E7CAC001A6C38 /* RGeek.plist */ = {isa = PBXFileReference; fileEncoding = 4; lastKnownFileType = text.plist.xml; path = RGeek.plist; sourceTree = "<group>"; };
		D9F3B082181C40740042A44A /* RadioGeek.app */ = {isa = PBXFileReference; explicitFileType = wrapper.application; includeInIndex = 0; path = RadioGeek.app; sourceTree = BUILT_PRODUCTS_DIR; };
		D9F3B085181C40740042A44A /* Foundation.framework */ = {isa = PBXFileReference; lastKnownFileType = wrapper.framework; name = Foundation.framework; path = System/Library/Frameworks/Foundation.framework; sourceTree = SDKROOT; };
		D9F3B087181C40740042A44A /* CoreGraphics.framework */ = {isa = PBXFileReference; lastKnownFileType = wrapper.framework; name = CoreGraphics.framework; path = System/Library/Frameworks/CoreGraphics.framework; sourceTree = SDKROOT; };
		D9F3B089181C40740042A44A /* UIKit.framework */ = {isa = PBXFileReference; lastKnownFileType = wrapper.framework; name = UIKit.framework; path = System/Library/Frameworks/UIKit.framework; sourceTree = SDKROOT; };
		D9F3B08B181C40740042A44A /* CoreData.framework */ = {isa = PBXFileReference; lastKnownFileType = wrapper.framework; name = CoreData.framework; path = System/Library/Frameworks/CoreData.framework; sourceTree = SDKROOT; };
		D9F3B08F181C40740042A44A /* RadioGeek-Info.plist */ = {isa = PBXFileReference; lastKnownFileType = text.plist.xml; path = "RadioGeek-Info.plist"; sourceTree = "<group>"; };
		D9F3B091181C40740042A44A /* en */ = {isa = PBXFileReference; lastKnownFileType = text.plist.strings; name = en; path = en.lproj/InfoPlist.strings; sourceTree = "<group>"; };
		D9F3B093181C40740042A44A /* main.m */ = {isa = PBXFileReference; lastKnownFileType = sourcecode.c.objc; path = main.m; sourceTree = "<group>"; };
		D9F3B095181C40740042A44A /* RadioGeek-Prefix.pch */ = {isa = PBXFileReference; lastKnownFileType = sourcecode.c.h; path = "RadioGeek-Prefix.pch"; sourceTree = "<group>"; };
		D9F3B09A181C40740042A44A /* Base */ = {isa = PBXFileReference; lastKnownFileType = file.storyboard; name = Base; path = Base.lproj/Main_iPhone.storyboard; sourceTree = "<group>"; };
		D9F3B0A0181C40740042A44A /* RadioGeek.xcdatamodel */ = {isa = PBXFileReference; lastKnownFileType = wrapper.xcdatamodel; path = RadioGeek.xcdatamodel; sourceTree = "<group>"; };
		D9F3B0A8181C40740042A44A /* Images.xcassets */ = {isa = PBXFileReference; lastKnownFileType = folder.assetcatalog; path = Images.xcassets; sourceTree = "<group>"; };
		D9F3B0AE181C40750042A44A /* RadioGeekTests.xctest */ = {isa = PBXFileReference; explicitFileType = wrapper.cfbundle; includeInIndex = 0; path = RadioGeekTests.xctest; sourceTree = BUILT_PRODUCTS_DIR; };
		D9F3B0AF181C40750042A44A /* XCTest.framework */ = {isa = PBXFileReference; lastKnownFileType = wrapper.framework; name = XCTest.framework; path = Library/Frameworks/XCTest.framework; sourceTree = DEVELOPER_DIR; };
		D9F3B0B8181C40750042A44A /* RadioGeekTests-Info.plist */ = {isa = PBXFileReference; lastKnownFileType = text.plist.xml; path = "RadioGeekTests-Info.plist"; sourceTree = "<group>"; };
		D9F3B0BA181C40750042A44A /* en */ = {isa = PBXFileReference; lastKnownFileType = text.plist.strings; name = en; path = en.lproj/InfoPlist.strings; sourceTree = "<group>"; };
		D9F3B0BC181C40750042A44A /* RadioGeekTests.m */ = {isa = PBXFileReference; lastKnownFileType = sourcecode.c.objc; path = RadioGeekTests.m; sourceTree = "<group>"; };
		D9F5478318F9E356002B8408 /* load_download@2x.png */ = {isa = PBXFileReference; lastKnownFileType = image.png; path = "load_download@2x.png"; sourceTree = "<group>"; };
		D9F5478518F9E3A2002B8408 /* delete@2x.png */ = {isa = PBXFileReference; lastKnownFileType = image.png; path = "delete@2x.png"; sourceTree = "<group>"; };
		D9F8D3CB183193CE00A33E46 /* RadioGeek.h */ = {isa = PBXFileReference; fileEncoding = 4; lastKnownFileType = sourcecode.c.h; path = RadioGeek.h; sourceTree = "<group>"; };
		D9F8D3CD183227E900A33E46 /* NSHFarsiNumerals.h */ = {isa = PBXFileReference; fileEncoding = 4; lastKnownFileType = sourcecode.c.h; name = NSHFarsiNumerals.h; path = Components/FarsiNumerals/NSHFarsiNumerals.h; sourceTree = "<group>"; };
		D9F8D3CE183227E900A33E46 /* NSHFarsiNumerals.m */ = {isa = PBXFileReference; fileEncoding = 4; lastKnownFileType = sourcecode.c.objc; name = NSHFarsiNumerals.m; path = Components/FarsiNumerals/NSHFarsiNumerals.m; sourceTree = "<group>"; };
/* End PBXFileReference section */

/* Begin PBXFrameworksBuildPhase section */
		D9F3B07F181C40740042A44A /* Frameworks */ = {
			isa = PBXFrameworksBuildPhase;
			buildActionMask = 2147483647;
			files = (
				D9BAE86E1A7A767200A77EDB /* SystemConfiguration.framework in Frameworks */,
				D954537C1823DD0800B2C440 /* MediaPlayer.framework in Frameworks */,
				D93097661837D3DD00DC1BCE /* CoreText.framework in Frameworks */,
				D9BAE86C1A7A706200A77EDB /* libFlurry_5.3.0.a in Frameworks */,
				D954538718243C6500B2C440 /* AudioToolbox.framework in Frameworks */,
				D954538518243C5D00B2C440 /* QuartzCore.framework in Frameworks */,
				D9B34E11181FE3FD003D3B17 /* AVFoundation.framework in Frameworks */,
				D9F3B088181C40740042A44A /* CoreGraphics.framework in Frameworks */,
				D9F3B08C181C40740042A44A /* CoreData.framework in Frameworks */,
				D9F3B08A181C40740042A44A /* UIKit.framework in Frameworks */,
				D9F3B086181C40740042A44A /* Foundation.framework in Frameworks */,
			);
			runOnlyForDeploymentPostprocessing = 0;
		};
		D9F3B0AB181C40750042A44A /* Frameworks */ = {
			isa = PBXFrameworksBuildPhase;
			buildActionMask = 2147483647;
			files = (
				D9F3B0B0181C40750042A44A /* XCTest.framework in Frameworks */,
				D9F3B0B3181C40750042A44A /* CoreData.framework in Frameworks */,
				D9F3B0B2181C40750042A44A /* UIKit.framework in Frameworks */,
				D9F3B0B1181C40750042A44A /* Foundation.framework in Frameworks */,
			);
			runOnlyForDeploymentPostprocessing = 0;
		};
/* End PBXFrameworksBuildPhase section */

/* Begin PBXGroup section */
		D930971918361A2800DC1BCE /* ViewControllers */ = {
			isa = PBXGroup;
			children = (
				D930971E18361A2800DC1BCE /* NIKMasterViewController.h */,
				D930971F18361A2800DC1BCE /* NIKMasterViewController.m */,
				D930971A18361A2800DC1BCE /* NIKDetailViewController.h */,
				D930971B18361A2800DC1BCE /* NIKDetailViewController.m */,
				D930971C18361A2800DC1BCE /* NIKInfoViewController.h */,
				D930971D18361A2800DC1BCE /* NIKInfoViewController.m */,
			);
			path = ViewControllers;
			sourceTree = "<group>";
		};
		D930972E18361A9400DC1BCE /* Models */ = {
			isa = PBXGroup;
			children = (
				D930972F18361A9400DC1BCE /* NIKFeedEntry.h */,
				D930973018361A9400DC1BCE /* NIKFeedEntry.m */,
				D9A6DD0F183FE97600816C59 /* NIKAudioFile.h */,
				D9A6DD10183FE97600816C59 /* NIKAudioFile.m */,
			);
			path = Models;
			sourceTree = "<group>";
		};
		D930973218361ADC00DC1BCE /* AppDelegate */ = {
			isa = PBXGroup;
			children = (
				D930973318361ADC00DC1BCE /* NIKAppDelegate.h */,
				D930973418361ADC00DC1BCE /* NIKAppDelegate.m */,
			);
			path = AppDelegate;
			sourceTree = "<group>";
		};
		D930973E183658D300DC1BCE /* iRate */ = {
			isa = PBXGroup;
			children = (
				D9BAE8641A7704C300A77EDB /* iRate.bundle */,
				D9BAE8651A7704C300A77EDB /* iRate.h */,
				D9BAE8661A7704C300A77EDB /* iRate.m */,
			);
			path = iRate;
			sourceTree = "<group>";
		};
		D93F3A561A7B0E930067A240 /* iPad */ = {
			isa = PBXGroup;
			children = (
			);
			name = iPad;
			sourceTree = "<group>";
		};
		D954537D18243B7F00B2C440 /* Components */ = {
			isa = PBXGroup;
			children = (
				D9AA8390183CF55600FBB827 /* SGdownloadManager */,
				D9AA8387183AD73400FBB827 /* URLCacheAlert.h */,
				D9AA8388183AD73400FBB827 /* URLCacheAlert.m */,
				D930973E183658D300DC1BCE /* iRate */,
				D9F8D3CC183227C800A33E46 /* FarsiNumerals */,
				D9944712183112D700D54C64 /* HTMLSTripper */,
			);
			name = Components;
			sourceTree = "<group>";
		};
		D9944712183112D700D54C64 /* HTMLSTripper */ = {
			isa = PBXGroup;
			children = (
				D99447131831131000D54C64 /* NSString_StripHTML.h */,
				D99447141831131000D54C64 /* NSString_StripHTML.m */,
			);
			name = HTMLSTripper;
			sourceTree = "<group>";
		};
		D9A6DD08183FE88700816C59 /* Managers */ = {
			isa = PBXGroup;
			children = (
				D9A6DD09183FE88700816C59 /* NIKAudioManager.h */,
				D9A6DD0A183FE88700816C59 /* NIKAudioManager.m */,
				D9A6DD0C183FE8FF00816C59 /* NIKFeedParser.h */,
				D9A6DD0D183FE8FF00816C59 /* NIKFeedParser.m */,
				D9305EA11844D0FE0019DA08 /* NIKPlayer.h */,
				D9305EA21844D0FE0019DA08 /* NIKPlayer.m */,
				D9C36F4718508C1400B603A4 /* NIKDownloadManager.h */,
				D9C36F4818508C1400B603A4 /* NIKDownloadManager.m */,
			);
			path = Managers;
			sourceTree = "<group>";
		};
		D9AA8390183CF55600FBB827 /* SGdownloadManager */ = {
			isa = PBXGroup;
			children = (
				D9AA8391183CF55600FBB827 /* SGdownloader.h */,
				D9AA8392183CF55600FBB827 /* SGdownloader.m */,
			);
			path = SGdownloadManager;
			sourceTree = "<group>";
		};
		D9ABA7F2183559350073E431 /* Resources */ = {
			isa = PBXGroup;
			children = (
				D9BAE8691A7A706200A77EDB /* Flurry */,
				D930973C18361B6500DC1BCE /* Persian.strings */,
				D930973618361B1D00DC1BCE /* Feed.plist */,
				D9EE23C0184E7CAC001A6C38 /* RGeek.plist */,
				D930973718361B1D00DC1BCE /* htmlPattern.html */,
				D9ABA7F6183559600073E431 /* Fonts */,
				D9ABA7F3183559350073E431 /* Images */,
				D9353C66184A10E3009B38DE /* RadioGeek.rss */,
				D9353C68184B4417009B38DE /* RadioGeekAllEpisodes.rss */,
			);
			path = Resources;
			sourceTree = "<group>";
		};
		D9ABA7F3183559350073E431 /* Images */ = {
			isa = PBXGroup;
			children = (
				D915B87A18B76AA900A94919 /* equalizer1@2x.png */,
				D915B87B18B76AA900A94919 /* equalizer2@2x.png */,
				D915B87C18B76AA900A94919 /* equalizer3@2x.png */,
				D915B87D18B76AA900A94919 /* equalizer4@2x.png */,
				D915B87E18B76AA900A94919 /* equalizer5@2x.png */,
				D915B87F18B76AA900A94919 /* equalizer6@2x.png */,
				D915B88018B76AA900A94919 /* equalizer7@2x.png */,
				D915B88118B76AA900A94919 /* equalizer8@2x.png */,
				D915B88218B76AA900A94919 /* equalizer9@2x.png */,
				D915B88318B76AA900A94919 /* equalizer10@2x.png */,
				D915B87818B6CDFF00A94919 /* equalizer12.gif */,
				D9AA83DB183D476300FBB827 /* speaker_mute@2x.png */,
				D9AA83DC183D476300FBB827 /* speaker@2x.png */,
				D9AA83D5183D370B00FBB827 /* player_fastforward@2x.png */,
				D9AA83D6183D370B00FBB827 /* player_fastrewind@2x.png */,
				D9AA838C183CDBBF00FBB827 /* player_pause@2x.png */,
				D9AA838D183CDBBF00FBB827 /* player_play@2x.png */,
				D930973A18361B4800DC1BCE /* Background.png */,
				D9ABA7F4183559350073E431 /* RadioGeekArtwork.png */,
				D9AA83DF183D4D8100FBB827 /* player_fastrewindcp@2x.png */,
				D9F5478318F9E356002B8408 /* load_download@2x.png */,
				D9F5478518F9E3A2002B8408 /* delete@2x.png */,
				D9AA83D9183D39BB00FBB827 /* player_fastforwardcp@2x.png */,
			);
			path = Images;
			sourceTree = "<group>";
		};
		D9ABA7F6183559600073E431 /* Fonts */ = {
			isa = PBXGroup;
			children = (
				D9BAE86F1A7A9AE100A77EDB /* XM Yekan.ttf */,
				D9BAE8701A7A9AE100A77EDB /* XM YekanBd.ttf */,
				D9BAE8711A7A9AE100A77EDB /* XM YekanBdIt.ttf */,
				D945F6311838F61900B5814C /* X Vahid.ttf */,
				D9C1242A1A7AAADA00E5C8B5 /* BTitrBold.ttf */,
			);
			path = Fonts;
			sourceTree = "<group>";
		};
		D9BAE8691A7A706200A77EDB /* Flurry */ = {
			isa = PBXGroup;
			children = (
				D9BAE86A1A7A706200A77EDB /* Flurry.h */,
				D9BAE86B1A7A706200A77EDB /* libFlurry_5.3.0.a */,
			);
			path = Flurry;
			sourceTree = "<group>";
		};
		D9F3B079181C40740042A44A = {
			isa = PBXGroup;
			children = (
				D9F3B08D181C40740042A44A /* RadioGeek */,
				D9F3B0B6181C40750042A44A /* RadioGeekTests */,
				D9F3B084181C40740042A44A /* Frameworks */,
				D9F3B083181C40740042A44A /* Products */,
			);
			sourceTree = "<group>";
		};
		D9F3B083181C40740042A44A /* Products */ = {
			isa = PBXGroup;
			children = (
				D9F3B082181C40740042A44A /* RadioGeek.app */,
				D9F3B0AE181C40750042A44A /* RadioGeekTests.xctest */,
			);
			name = Products;
			sourceTree = "<group>";
		};
		D9F3B084181C40740042A44A /* Frameworks */ = {
			isa = PBXGroup;
			children = (
				D9BAE86D1A7A767200A77EDB /* SystemConfiguration.framework */,
				D93097651837D3DD00DC1BCE /* CoreText.framework */,
				D954538618243C6500B2C440 /* AudioToolbox.framework */,
				D954538418243C5D00B2C440 /* QuartzCore.framework */,
				D954537B1823DD0800B2C440 /* MediaPlayer.framework */,
				D9B34E10181FE3FD003D3B17 /* AVFoundation.framework */,
				D9F3B085181C40740042A44A /* Foundation.framework */,
				D9F3B087181C40740042A44A /* CoreGraphics.framework */,
				D9F3B089181C40740042A44A /* UIKit.framework */,
				D9F3B08B181C40740042A44A /* CoreData.framework */,
				D9F3B0AF181C40750042A44A /* XCTest.framework */,
			);
			name = Frameworks;
			sourceTree = "<group>";
		};
		D9F3B08D181C40740042A44A /* RadioGeek */ = {
			isa = PBXGroup;
			children = (
				D930973218361ADC00DC1BCE /* AppDelegate */,
				D930972E18361A9400DC1BCE /* Models */,
				D9A6DD08183FE88700816C59 /* Managers */,
				D930971918361A2800DC1BCE /* ViewControllers */,
				D954537D18243B7F00B2C440 /* Components */,
				D9ABA7F2183559350073E431 /* Resources */,
				D93F3A561A7B0E930067A240 /* iPad */,
				D9F3B099181C40740042A44A /* Main_iPhone.storyboard */,
				D9F3B0A8181C40740042A44A /* Images.xcassets */,
				D9F3B09F181C40740042A44A /* RadioGeek.xcdatamodeld */,
				D9F3B08E181C40740042A44A /* Supporting Files */,
				D9F8D3CB183193CE00A33E46 /* RadioGeek.h */,
			);
			path = RadioGeek;
			sourceTree = "<group>";
		};
		D9F3B08E181C40740042A44A /* Supporting Files */ = {
			isa = PBXGroup;
			children = (
				D9F3B08F181C40740042A44A /* RadioGeek-Info.plist */,
				D9F3B090181C40740042A44A /* InfoPlist.strings */,
				D9F3B093181C40740042A44A /* main.m */,
				D9F3B095181C40740042A44A /* RadioGeek-Prefix.pch */,
			);
			name = "Supporting Files";
			sourceTree = "<group>";
		};
		D9F3B0B6181C40750042A44A /* RadioGeekTests */ = {
			isa = PBXGroup;
			children = (
				D9F3B0BC181C40750042A44A /* RadioGeekTests.m */,
				D9F3B0B7181C40750042A44A /* Supporting Files */,
			);
			path = RadioGeekTests;
			sourceTree = "<group>";
		};
		D9F3B0B7181C40750042A44A /* Supporting Files */ = {
			isa = PBXGroup;
			children = (
				D9F3B0B8181C40750042A44A /* RadioGeekTests-Info.plist */,
				D9F3B0B9181C40750042A44A /* InfoPlist.strings */,
			);
			name = "Supporting Files";
			sourceTree = "<group>";
		};
		D9F8D3CC183227C800A33E46 /* FarsiNumerals */ = {
			isa = PBXGroup;
			children = (
				D9F8D3CD183227E900A33E46 /* NSHFarsiNumerals.h */,
				D9F8D3CE183227E900A33E46 /* NSHFarsiNumerals.m */,
			);
			name = FarsiNumerals;
			sourceTree = "<group>";
		};
/* End PBXGroup section */

/* Begin PBXNativeTarget section */
		D9F3B081181C40740042A44A /* RadioGeek */ = {
			isa = PBXNativeTarget;
			buildConfigurationList = D9F3B0C0181C40750042A44A /* Build configuration list for PBXNativeTarget "RadioGeek" */;
			buildPhases = (
				D9F3B07E181C40740042A44A /* Sources */,
				D9F3B07F181C40740042A44A /* Frameworks */,
				D9F3B080181C40740042A44A /* Resources */,
			);
			buildRules = (
			);
			dependencies = (
			);
			name = RadioGeek;
			productName = RadioGeek;
			productReference = D9F3B082181C40740042A44A /* RadioGeek.app */;
			productType = "com.apple.product-type.application";
		};
		D9F3B0AD181C40750042A44A /* RadioGeekTests */ = {
			isa = PBXNativeTarget;
			buildConfigurationList = D9F3B0C3181C40750042A44A /* Build configuration list for PBXNativeTarget "RadioGeekTests" */;
			buildPhases = (
				D9F3B0AA181C40750042A44A /* Sources */,
				D9F3B0AB181C40750042A44A /* Frameworks */,
				D9F3B0AC181C40750042A44A /* Resources */,
			);
			buildRules = (
			);
			dependencies = (
				D9F3B0B5181C40750042A44A /* PBXTargetDependency */,
			);
			name = RadioGeekTests;
			productName = RadioGeekTests;
			productReference = D9F3B0AE181C40750042A44A /* RadioGeekTests.xctest */;
			productType = "com.apple.product-type.bundle.unit-test";
		};
/* End PBXNativeTarget section */

/* Begin PBXProject section */
		D9F3B07A181C40740042A44A /* Project object */ = {
			isa = PBXProject;
			attributes = {
				CLASSPREFIX = NIK;
				LastUpgradeCheck = 0510;
				ORGANIZATIONNAME = NeekuShamekhi;
				TargetAttributes = {
					D9F3B081181C40740042A44A = {
						DevelopmentTeam = 34FBPDAPJS;
					};
					D9F3B0AD181C40750042A44A = {
						TestTargetID = D9F3B081181C40740042A44A;
					};
				};
			};
			buildConfigurationList = D9F3B07D181C40740042A44A /* Build configuration list for PBXProject "RadioGeek" */;
			compatibilityVersion = "Xcode 3.2";
			developmentRegion = English;
			hasScannedForEncodings = 0;
			knownRegions = (
				en,
				Base,
			);
			mainGroup = D9F3B079181C40740042A44A;
			productRefGroup = D9F3B083181C40740042A44A /* Products */;
			projectDirPath = "";
			projectRoot = "";
			targets = (
				D9F3B081181C40740042A44A /* RadioGeek */,
				D9F3B0AD181C40750042A44A /* RadioGeekTests */,
			);
		};
/* End PBXProject section */

/* Begin PBXResourcesBuildPhase section */
		D9F3B080181C40740042A44A /* Resources */ = {
			isa = PBXResourcesBuildPhase;
			buildActionMask = 2147483647;
			files = (
				D9F5478418F9E356002B8408 /* load_download@2x.png in Resources */,
				D930973818361B1D00DC1BCE /* Feed.plist in Resources */,
				D9F3B0A9181C40740042A44A /* Images.xcassets in Resources */,
				D9353C69184B4417009B38DE /* RadioGeekAllEpisodes.rss in Resources */,
				D930973D18361B6500DC1BCE /* Persian.strings in Resources */,
				D915B88918B76AA900A94919 /* equalizer6@2x.png in Resources */,
				D9BAE8741A7A9AE100A77EDB /* XM YekanBd.ttf in Resources */,
				D9EE23C1184E7CAC001A6C38 /* RGeek.plist in Resources */,
				D915B88418B76AA900A94919 /* equalizer1@2x.png in Resources */,
				D9353C67184A10E3009B38DE /* RadioGeek.rss in Resources */,
				D915B88518B76AA900A94919 /* equalizer2@2x.png in Resources */,
				D9BAE8751A7A9AE100A77EDB /* XM YekanBdIt.ttf in Resources */,
				D9BAE8731A7A9AE100A77EDB /* XM Yekan.ttf in Resources */,
				D915B88A18B76AA900A94919 /* equalizer7@2x.png in Resources */,
				D9AA83D7183D370B00FBB827 /* player_fastforward@2x.png in Resources */,
				D915B87918B6CDFF00A94919 /* equalizer12.gif in Resources */,
				D9F5478618F9E3A2002B8408 /* delete@2x.png in Resources */,
				D9AA83D8183D370B00FBB827 /* player_fastrewind@2x.png in Resources */,
				D9AA83DE183D476300FBB827 /* speaker@2x.png in Resources */,
				D9AA83E0183D4D8100FBB827 /* player_fastrewindcp@2x.png in Resources */,
				D945F6351838F61900B5814C /* X Vahid.ttf in Resources */,
				D915B88B18B76AA900A94919 /* equalizer8@2x.png in Resources */,
				D915B88D18B76AA900A94919 /* equalizer10@2x.png in Resources */,
				D915B88C18B76AA900A94919 /* equalizer9@2x.png in Resources */,
				D930974618378A0200DC1BCE /* Main_iPhone.storyboard in Resources */,
				D9AA83DD183D476300FBB827 /* speaker_mute@2x.png in Resources */,
				D9BAE8671A7704C300A77EDB /* iRate.bundle in Resources */,
				D930973918361B1D00DC1BCE /* htmlPattern.html in Resources */,
				D9AA83DA183D39BB00FBB827 /* player_fastforwardcp@2x.png in Resources */,
				D915B88718B76AA900A94919 /* equalizer4@2x.png in Resources */,
				D915B88618B76AA900A94919 /* equalizer3@2x.png in Resources */,
				D9C1242B1A7AAADA00E5C8B5 /* BTitrBold.ttf in Resources */,
				D9AA838E183CDBBF00FBB827 /* player_pause@2x.png in Resources */,
				D915B88818B76AA900A94919 /* equalizer5@2x.png in Resources */,
				D930973B18361B4800DC1BCE /* Background.png in Resources */,
				D9F3B092181C40740042A44A /* InfoPlist.strings in Resources */,
				D9ABA7F5183559350073E431 /* RadioGeekArtwork.png in Resources */,
				D9AA838F183CDBBF00FBB827 /* player_play@2x.png in Resources */,
			);
			runOnlyForDeploymentPostprocessing = 0;
		};
		D9F3B0AC181C40750042A44A /* Resources */ = {
			isa = PBXResourcesBuildPhase;
			buildActionMask = 2147483647;
			files = (
				D9F3B0BB181C40750042A44A /* InfoPlist.strings in Resources */,
			);
			runOnlyForDeploymentPostprocessing = 0;
		};
/* End PBXResourcesBuildPhase section */

/* Begin PBXSourcesBuildPhase section */
		D9F3B07E181C40740042A44A /* Sources */ = {
			isa = PBXSourcesBuildPhase;
			buildActionMask = 2147483647;
			files = (
				D9A6DD0E183FE8FF00816C59 /* NIKFeedParser.m in Sources */,
				D9A6DD11183FE97600816C59 /* NIKAudioFile.m in Sources */,
				D930973118361A9400DC1BCE /* NIKFeedEntry.m in Sources */,
				D99447151831131000D54C64 /* NSString_StripHTML.m in Sources */,
				D9C36F4918508C1400B603A4 /* NIKDownloadManager.m in Sources */,
				D930972218361A2800DC1BCE /* NIKMasterViewController.m in Sources */,
				D930972018361A2800DC1BCE /* NIKDetailViewController.m in Sources */,
				D930972118361A2800DC1BCE /* NIKInfoViewController.m in Sources */,
				D9BAE8681A7704C300A77EDB /* iRate.m in Sources */,
				D9AA8393183CF55600FBB827 /* SGdownloader.m in Sources */,
				D9F3B094181C40740042A44A /* main.m in Sources */,
				D930973518361ADC00DC1BCE /* NIKAppDelegate.m in Sources */,
				D9A6DD0B183FE88700816C59 /* NIKAudioManager.m in Sources */,
				D9305EA31844D0FE0019DA08 /* NIKPlayer.m in Sources */,
				D9F8D3CF183227E900A33E46 /* NSHFarsiNumerals.m in Sources */,
				D9F3B0A1181C40740042A44A /* RadioGeek.xcdatamodeld in Sources */,
				D9AA8389183AD73400FBB827 /* URLCacheAlert.m in Sources */,
			);
			runOnlyForDeploymentPostprocessing = 0;
		};
		D9F3B0AA181C40750042A44A /* Sources */ = {
			isa = PBXSourcesBuildPhase;
			buildActionMask = 2147483647;
			files = (
				D9F3B0BD181C40750042A44A /* RadioGeekTests.m in Sources */,
			);
			runOnlyForDeploymentPostprocessing = 0;
		};
/* End PBXSourcesBuildPhase section */

/* Begin PBXTargetDependency section */
		D9F3B0B5181C40750042A44A /* PBXTargetDependency */ = {
			isa = PBXTargetDependency;
			target = D9F3B081181C40740042A44A /* RadioGeek */;
			targetProxy = D9F3B0B4181C40750042A44A /* PBXContainerItemProxy */;
		};
/* End PBXTargetDependency section */

/* Begin PBXVariantGroup section */
		D9F3B090181C40740042A44A /* InfoPlist.strings */ = {
			isa = PBXVariantGroup;
			children = (
				D9F3B091181C40740042A44A /* en */,
			);
			name = InfoPlist.strings;
			sourceTree = "<group>";
		};
		D9F3B099181C40740042A44A /* Main_iPhone.storyboard */ = {
			isa = PBXVariantGroup;
			children = (
				D9F3B09A181C40740042A44A /* Base */,
			);
			name = Main_iPhone.storyboard;
			sourceTree = "<group>";
		};
		D9F3B0B9181C40750042A44A /* InfoPlist.strings */ = {
			isa = PBXVariantGroup;
			children = (
				D9F3B0BA181C40750042A44A /* en */,
			);
			name = InfoPlist.strings;
			sourceTree = "<group>";
		};
/* End PBXVariantGroup section */

/* Begin XCBuildConfiguration section */
		D9F3B0BE181C40750042A44A /* Debug */ = {
			isa = XCBuildConfiguration;
			buildSettings = {
				ALWAYS_SEARCH_USER_PATHS = NO;
				CLANG_CXX_LANGUAGE_STANDARD = "gnu++0x";
				CLANG_CXX_LIBRARY = "libc++";
				CLANG_ENABLE_MODULES = YES;
				CLANG_ENABLE_OBJC_ARC = YES;
				CLANG_WARN_BOOL_CONVERSION = YES;
				CLANG_WARN_CONSTANT_CONVERSION = YES;
				CLANG_WARN_DIRECT_OBJC_ISA_USAGE = YES_ERROR;
				CLANG_WARN_EMPTY_BODY = YES;
				CLANG_WARN_ENUM_CONVERSION = YES;
				CLANG_WARN_INT_CONVERSION = YES;
				CLANG_WARN_OBJC_ROOT_CLASS = YES_ERROR;
				CLANG_WARN__DUPLICATE_METHOD_MATCH = YES;
				CODE_SIGN_IDENTITY = "";
				"CODE_SIGN_IDENTITY[sdk=iphoneos*]" = "iPhone Developer";
				COPY_PHASE_STRIP = NO;
				GCC_C_LANGUAGE_STANDARD = gnu99;
				GCC_DYNAMIC_NO_PIC = NO;
				GCC_OPTIMIZATION_LEVEL = 0;
				GCC_PREPROCESSOR_DEFINITIONS = (
					"DEBUG=1",
					"$(inherited)",
				);
				GCC_SYMBOLS_PRIVATE_EXTERN = NO;
				GCC_WARN_64_TO_32_BIT_CONVERSION = YES;
				GCC_WARN_ABOUT_RETURN_TYPE = YES_ERROR;
				GCC_WARN_UNDECLARED_SELECTOR = YES;
				GCC_WARN_UNINITIALIZED_AUTOS = YES;
				GCC_WARN_UNUSED_FUNCTION = YES;
				GCC_WARN_UNUSED_VARIABLE = YES;
				IPHONEOS_DEPLOYMENT_TARGET = 7.0;
				ONLY_ACTIVE_ARCH = YES;
				SDKROOT = iphoneos;
				TARGETED_DEVICE_FAMILY = "1,2";
			};
			name = Debug;
		};
		D9F3B0BF181C40750042A44A /* Release */ = {
			isa = XCBuildConfiguration;
			buildSettings = {
				ALWAYS_SEARCH_USER_PATHS = NO;
				CLANG_CXX_LANGUAGE_STANDARD = "gnu++0x";
				CLANG_CXX_LIBRARY = "libc++";
				CLANG_ENABLE_MODULES = YES;
				CLANG_ENABLE_OBJC_ARC = YES;
				CLANG_WARN_BOOL_CONVERSION = YES;
				CLANG_WARN_CONSTANT_CONVERSION = YES;
				CLANG_WARN_DIRECT_OBJC_ISA_USAGE = YES_ERROR;
				CLANG_WARN_EMPTY_BODY = YES;
				CLANG_WARN_ENUM_CONVERSION = YES;
				CLANG_WARN_INT_CONVERSION = YES;
				CLANG_WARN_OBJC_ROOT_CLASS = YES_ERROR;
				CLANG_WARN__DUPLICATE_METHOD_MATCH = YES;
				CODE_SIGN_IDENTITY = "";
				"CODE_SIGN_IDENTITY[sdk=iphoneos*]" = "iPhone Developer";
				COPY_PHASE_STRIP = YES;
				ENABLE_NS_ASSERTIONS = NO;
				GCC_C_LANGUAGE_STANDARD = gnu99;
				GCC_WARN_64_TO_32_BIT_CONVERSION = YES;
				GCC_WARN_ABOUT_RETURN_TYPE = YES_ERROR;
				GCC_WARN_UNDECLARED_SELECTOR = YES;
				GCC_WARN_UNINITIALIZED_AUTOS = YES;
				GCC_WARN_UNUSED_FUNCTION = YES;
				GCC_WARN_UNUSED_VARIABLE = YES;
				IPHONEOS_DEPLOYMENT_TARGET = 7.0;
				SDKROOT = iphoneos;
				TARGETED_DEVICE_FAMILY = "1,2";
				VALIDATE_PRODUCT = YES;
			};
			name = Release;
		};
		D9F3B0C1181C40750042A44A /* Debug */ = {
			isa = XCBuildConfiguration;
			buildSettings = {
				ASSETCATALOG_COMPILER_APPICON_NAME = AppIcon;
				ASSETCATALOG_COMPILER_LAUNCHIMAGE_NAME = LaunchImage;
				CODE_SIGN_IDENTITY = "iPhone Developer";
				"CODE_SIGN_IDENTITY[sdk=iphoneos*]" = "iPhone Developer";
				GCC_PRECOMPILE_PREFIX_HEADER = YES;
				GCC_PREFIX_HEADER = "RadioGeek/RadioGeek-Prefix.pch";
				INFOPLIST_FILE = "RadioGeek/RadioGeek-Info.plist";
				IPHONEOS_DEPLOYMENT_TARGET = 7.1;
				LIBRARY_SEARCH_PATHS = (
					"$(inherited)",
					"$(PROJECT_DIR)/RadioGeek/Resources/Flurry",
				);
				PRODUCT_NAME = "$(TARGET_NAME)";
				PROVISIONING_PROFILE = "c5140711-80a4-4ade-b046-74cf667cae6a";
				TARGETED_DEVICE_FAMILY = 1;
				WRAPPER_EXTENSION = app;
			};
			name = Debug;
		};
		D9F3B0C2181C40750042A44A /* Release */ = {
			isa = XCBuildConfiguration;
			buildSettings = {
				ASSETCATALOG_COMPILER_APPICON_NAME = AppIcon;
				ASSETCATALOG_COMPILER_LAUNCHIMAGE_NAME = LaunchImage;
				CODE_SIGN_IDENTITY = "iPhone Developer";
				"CODE_SIGN_IDENTITY[sdk=iphoneos*]" = "iPhone Developer";
				GCC_PRECOMPILE_PREFIX_HEADER = YES;
				GCC_PREFIX_HEADER = "RadioGeek/RadioGeek-Prefix.pch";
				INFOPLIST_FILE = "RadioGeek/RadioGeek-Info.plist";
				IPHONEOS_DEPLOYMENT_TARGET = 7.1;
				LIBRARY_SEARCH_PATHS = (
					"$(inherited)",
					"$(PROJECT_DIR)/RadioGeek/Resources/Flurry",
				);
				PRODUCT_NAME = "$(TARGET_NAME)";
				PROVISIONING_PROFILE = "c5140711-80a4-4ade-b046-74cf667cae6a";
				TARGETED_DEVICE_FAMILY = 1;
				WRAPPER_EXTENSION = app;
			};
			name = Release;
		};
		D9F3B0C4181C40750042A44A /* Debug */ = {
			isa = XCBuildConfiguration;
			buildSettings = {
				BUNDLE_LOADER = "$(BUILT_PRODUCTS_DIR)/RadioGeek.app/RadioGeek";
				FRAMEWORK_SEARCH_PATHS = (
					"$(SDKROOT)/Developer/Library/Frameworks",
					"$(inherited)",
					"$(DEVELOPER_FRAMEWORKS_DIR)",
				);
				GCC_PRECOMPILE_PREFIX_HEADER = YES;
				GCC_PREFIX_HEADER = "RadioGeek/RadioGeek-Prefix.pch";
				GCC_PREPROCESSOR_DEFINITIONS = (
					"DEBUG=1",
					"$(inherited)",
				);
				INFOPLIST_FILE = "RadioGeekTests/RadioGeekTests-Info.plist";
				PRODUCT_NAME = "$(TARGET_NAME)";
				TEST_HOST = "$(BUNDLE_LOADER)";
				WRAPPER_EXTENSION = xctest;
			};
			name = Debug;
		};
		D9F3B0C5181C40750042A44A /* Release */ = {
			isa = XCBuildConfiguration;
			buildSettings = {
				BUNDLE_LOADER = "$(BUILT_PRODUCTS_DIR)/RadioGeek.app/RadioGeek";
				FRAMEWORK_SEARCH_PATHS = (
					"$(SDKROOT)/Developer/Library/Frameworks",
					"$(inherited)",
					"$(DEVELOPER_FRAMEWORKS_DIR)",
				);
				GCC_PRECOMPILE_PREFIX_HEADER = YES;
				GCC_PREFIX_HEADER = "RadioGeek/RadioGeek-Prefix.pch";
				INFOPLIST_FILE = "RadioGeekTests/RadioGeekTests-Info.plist";
				PRODUCT_NAME = "$(TARGET_NAME)";
				TEST_HOST = "$(BUNDLE_LOADER)";
				WRAPPER_EXTENSION = xctest;
			};
			name = Release;
		};
/* End XCBuildConfiguration section */

/* Begin XCConfigurationList section */
		D9F3B07D181C40740042A44A /* Build configuration list for PBXProject "RadioGeek" */ = {
			isa = XCConfigurationList;
			buildConfigurations = (
				D9F3B0BE181C40750042A44A /* Debug */,
				D9F3B0BF181C40750042A44A /* Release */,
			);
			defaultConfigurationIsVisible = 0;
			defaultConfigurationName = Release;
		};
		D9F3B0C0181C40750042A44A /* Build configuration list for PBXNativeTarget "RadioGeek" */ = {
			isa = XCConfigurationList;
			buildConfigurations = (
				D9F3B0C1181C40750042A44A /* Debug */,
				D9F3B0C2181C40750042A44A /* Release */,
			);
			defaultConfigurationIsVisible = 0;
			defaultConfigurationName = Release;
		};
		D9F3B0C3181C40750042A44A /* Build configuration list for PBXNativeTarget "RadioGeekTests" */ = {
			isa = XCConfigurationList;
			buildConfigurations = (
				D9F3B0C4181C40750042A44A /* Debug */,
				D9F3B0C5181C40750042A44A /* Release */,
			);
			defaultConfigurationIsVisible = 0;
			defaultConfigurationName = Release;
		};
/* End XCConfigurationList section */

/* Begin XCVersionGroup section */
		D9F3B09F181C40740042A44A /* RadioGeek.xcdatamodeld */ = {
			isa = XCVersionGroup;
			children = (
				D9F3B0A0181C40740042A44A /* RadioGeek.xcdatamodel */,
			);
			currentVersion = D9F3B0A0181C40740042A44A /* RadioGeek.xcdatamodel */;
			path = RadioGeek.xcdatamodeld;
			sourceTree = "<group>";
			versionGroupType = wrapper.xcdatamodel;
		};
/* End XCVersionGroup section */
	};
	rootObject = D9F3B07A181C40740042A44A /* Project object */;
}
